
Microsoft Visual Studio Solution File, Format Version 12.00
# Visual Studio Version 17
VisualStudioVersion = 17.9.34728.123
MinimumVisualStudioVersion = 10.0.40219.1
Project("{FAE04EC0-301F-11D3-BF4B-00C04F79EFBC}") = "bus booking", "bus booking\bus booking.csproj", "{AC3ABA35-B7C6-4BDE-8ACC-C155E1A423EA}"
EndProject
Global
	GlobalSection(SolutionConfigurationPlatforms) = preSolution
		Debug|Any CPU = Debug|Any CPU
		Release|Any CPU = Release|Any CPU
	EndGlobalSection
	GlobalSection(ProjectConfigurationPlatforms) = postSolution
		{AC3ABA35-B7C6-4BDE-8ACC-C155E1A423EA}.Debug|Any CPU.ActiveCfg = Debug|Any CPU
		{AC3ABA35-B7C6-4BDE-8ACC-C155E1A423EA}.Debug|Any CPU.Build.0 = Debug|Any CPU
		{AC3ABA35-B7C6-4BDE-8ACC-C155E1A423EA}.Release|Any CPU.ActiveCfg = Release|Any CPU
		{AC3ABA35-B7C6-4BDE-8ACC-C155E1A423EA}.Release|Any CPU.Build.0 = Release|Any CPU
	EndGlobalSection
	GlobalSection(SolutionProperties) = preSolution
		HideSolutionNode = FALSE
	EndGlobalSection
	GlobalSection(ExtensibilityGlobals) = postSolution
		SolutionGuid = {D770A5A3-54CB-42CE-AE74-CBE7CCB2F5D0}
	EndGlobalSection
EndGlobal
